
Microsoft Visual Studio Solution File, Format Version 12.00
Project("{FAE04EC0-301F-11D3-BF4B-00C04F79EFBC}") = "GameOfLife.Code", "GameOfLife.Code\GameOfLife.Code.csproj", "{4EA42662-0ABF-424B-828E-4D84556A36F5}"
EndProject
Project("{FAE04EC0-301F-11D3-BF4B-00C04F79EFBC}") = "GameOfLife.Tests", "GameOfLife.Tests\GameOfLife.Tests.csproj", "{F557DFC4-8807-4D9F-B95A-A8B6131D425A}"
EndProject
Global
	GlobalSection(SolutionConfigurationPlatforms) = preSolution
		Debug|Any CPU = Debug|Any CPU
		Release|Any CPU = Release|Any CPU
	EndGlobalSection
	GlobalSection(ProjectConfigurationPlatforms) = postSolution
		{4EA42662-0ABF-424B-828E-4D84556A36F5}.Debug|Any CPU.ActiveCfg = Debug|Any CPU
		{4EA42662-0ABF-424B-828E-4D84556A36F5}.Debug|Any CPU.Build.0 = Debug|Any CPU
		{4EA42662-0ABF-424B-828E-4D84556A36F5}.Release|Any CPU.ActiveCfg = Release|Any CPU
		{4EA42662-0ABF-424B-828E-4D84556A36F5}.Release|Any CPU.Build.0 = Release|Any CPU
		{F557DFC4-8807-4D9F-B95A-A8B6131D425A}.Debug|Any CPU.ActiveCfg = Debug|Any CPU
		{F557DFC4-8807-4D9F-B95A-A8B6131D425A}.Debug|Any CPU.Build.0 = Debug|Any CPU
		{F557DFC4-8807-4D9F-B95A-A8B6131D425A}.Release|Any CPU.ActiveCfg = Release|Any CPU
		{F557DFC4-8807-4D9F-B95A-A8B6131D425A}.Release|Any CPU.Build.0 = Release|Any CPU
	EndGlobalSection
EndGlobal
